
Microsoft Visual Studio Solution File, Format Version 12.00
# Visual Studio Version 17
VisualStudioVersion = 17.14.36414.22 d17.14
MinimumVisualStudioVersion = 10.0.40219.1
Project("{FAE04EC0-301F-11D3-BF4B-00C04F79EFBC}") = "JogoDado", "JogoDado.csproj", "{997560F6-63C7-44E7-A520-0D33534FF020}"
EndProject
Global
	GlobalSection(SolutionConfigurationPlatforms) = preSolution
		Debug|Any CPU = Debug|Any CPU
		Release|Any CPU = Release|Any CPU
	EndGlobalSection
	GlobalSection(ProjectConfigurationPlatforms) = postSolution
		{997560F6-63C7-44E7-A520-0D33534FF020}.Debug|Any CPU.ActiveCfg = Debug|Any CPU
		{997560F6-63C7-44E7-A520-0D33534FF020}.Debug|Any CPU.Build.0 = Debug|Any CPU
		{997560F6-63C7-44E7-A520-0D33534FF020}.Release|Any CPU.ActiveCfg = Release|Any CPU
		{997560F6-63C7-44E7-A520-0D33534FF020}.Release|Any CPU.Build.0 = Release|Any CPU
	EndGlobalSection
	GlobalSection(SolutionProperties) = preSolution
		HideSolutionNode = FALSE
	EndGlobalSection
	GlobalSection(ExtensibilityGlobals) = postSolution
		SolutionGuid = {E7F3EA29-FC01-458D-AA9D-1CEBAB82A6B8}
	EndGlobalSection
EndGlobal
